{
  "name": "Simple login",
  "lockfileVersion": 2,
  "requires": true,
  "packages": {
    "": {
      "dependencies": {
        "joi-objectid": "^4.0.2"
      }
    },
    "node_modules/joi-objectid": {
      "version": "4.0.2",
      "resolved": "https://registry.npmjs.org/joi-objectid/-/joi-objectid-4.0.2.tgz",
      "integrity": "sha512-OjYM+wK/JGo2bSb9ADEyzxxROJPZYtrqIwBbywpJ2a98oKlbLtWTKvpzmrnXzou69Ey9EsjHsFvZYzpjeCdKuA=="
    }
  },
  "dependencies": {
    "joi-objectid": {
      "version": "4.0.2",
      "resolved": "https://registry.npmjs.org/joi-objectid/-/joi-objectid-4.0.2.tgz",
      "integrity": "sha512-OjYM+wK/JGo2bSb9ADEyzxxROJPZYtrqIwBbywpJ2a98oKlbLtWTKvpzmrnXzou69Ey9EsjHsFvZYzpjeCdKuA=="
    }
  }
}
